Microsoft Visual Studio Solution File, Format Version 12.00
# Visual Studio Version 17
VisualStudioVersion = 17.0.31903.59
MinimumVisualStudioVersion = 10.0.40219.1
Project("{9A19103F-16F7-4668-BE54-9A1E7A4F7556F}") = "MovieWatchlistTracker.Web", "src\MovieWatchlistTracker.Web\MovieWatchlistTracker.Web.csproj", "{3AFA65B9-0E81-451B-8742-D13C8262CC66}"
EndProject
Project("{9A19103F-16F7-4668-BE54-9A1E7A4F7556F}") = "MovieWatchlistTracker.Tests", "tests\MovieWatchlistTracker.Tests\MovieWatchlistTracker.Tests.csproj", "{084B2187-E1C0-4BC5-AD70-2D0CFEDAD30A}"
EndProject
Global
	GlobalSection(SolutionConfigurationPlatforms) = preSolution
		Debug|Any CPU = Debug|Any CPU
		Release|Any CPU = Release|Any CPU
	EndGlobalSection
	GlobalSection(ProjectConfigurationPlatforms) = postSolution
		{3AFA65B9-0E81-451B-8742-D13C8262CC66}.Debug|Any CPU.ActiveCfg = Debug|Any CPU
		{3AFA65B9-0E81-451B-8742-D13C8262CC66}.Debug|Any CPU.Build.0 = Debug|Any CPU
		{3AFA65B9-0E81-451B-8742-D13C8262CC66}.Release|Any CPU.ActiveCfg = Release|Any CPU
		{3AFA65B9-0E81-451B-8742-D13C8262CC66}.Release|Any CPU.Build.0 = Release|Any CPU
		{084B2187-E1C0-4BC5-AD70-2D0CFEDAD30A}.Debug|Any CPU.ActiveCfg = Debug|Any CPU
		{084B2187-E1C0-4BC5-AD70-2D0CFEDAD30A}.Debug|Any CPU.Build.0 = Debug|Any CPU
		{084B2187-E1C0-4BC5-AD70-2D0CFEDAD30A}.Release|Any CPU.ActiveCfg = Release|Any CPU
		{084B2187-E1C0-4BC5-AD70-2D0CFEDAD30A}.Release|Any CPU.Build.0 = Release|Any CPU
	EndGlobalSection
	GlobalSection(SolutionProperties) = preSolution
		HideSolutionNode = FALSE
	EndGlobalSection
EndGlobal
